
Microsoft Visual Studio Solution File, Format Version 12.00
Project("{FAE04EC0-301F-11D3-BF4B-00C04F79EFBC}") = "Mamaco", "Mamaco\Mamaco.csproj", "{EC44B787-0DB5-4F21-85B3-671B76EF5878}"
EndProject
Project("{FAE04EC0-301F-11D3-BF4B-00C04F79EFBC}") = "Tq.Realizer", "tq-realizer\Tq.Realizer\Tq.Realizer.csproj", "{8DD5F57B-ACCF-4AFB-8458-EFE2BB8F6B90}"
EndProject
Project("{2150E333-8FDC-42A3-9474-1A3956D46DE8}") = "RealizerModules", "RealizerModules", "{C2919385-0C94-47ED-9324-24EA7501A336}"
EndProject
Project("{FAE04EC0-301F-11D3-BF4B-00C04F79EFBC}") = "Tq.Module.LLVM", "RealizerModules\target-LLVM\Tq.Module.LLVM\Tq.Module.LLVM.csproj", "{9C746B4D-BF64-4F53-99C3-7B68246F6F99}"
EndProject
Project("{FAE04EC0-301F-11D3-BF4B-00C04F79EFBC}") = "Tq.Realizer.Core", "Tq.Realizer.Core\Tq.Realizer.Core.csproj", "{19DBCD5A-4B9A-4E8B-AD9F-509A9ED45313}"
EndProject
Project("{FAE04EC0-301F-11D3-BF4B-00C04F79EFBC}") = "Tq.Module.CLR", "RealizerModules\target-CLR\Tq.Module.CLR\Tq.Module.CLR.csproj", "{CE9F7213-A11F-4ECC-B5A7-C30D3FB82D82}"
EndProject
Project("{FAE04EC0-301F-11D3-BF4B-00C04F79EFBC}") = "Tq.Module.ELF", "RealizerModules\target-ELF\Tq.Module.CLR\Tq.Module.ELF.csproj", "{321B8A35-037B-4A9D-BB8D-3613301EABC8}"
EndProject

Global
	GlobalSection(SolutionConfigurationPlatforms) = preSolution
		Debug|Any CPU = Debug|Any CPU
		Release|Any CPU = Release|Any CPU
	EndGlobalSection
	GlobalSection(ProjectConfigurationPlatforms) = postSolution
		{EC44B787-0DB5-4F21-85B3-671B76EF5878}.Debug|Any CPU.ActiveCfg = Debug|Any CPU
		{EC44B787-0DB5-4F21-85B3-671B76EF5878}.Debug|Any CPU.Build.0 = Debug|Any CPU
		{EC44B787-0DB5-4F21-85B3-671B76EF5878}.Release|Any CPU.ActiveCfg = Release|Any CPU
		{EC44B787-0DB5-4F21-85B3-671B76EF5878}.Release|Any CPU.Build.0 = Release|Any CPU
		{8DD5F57B-ACCF-4AFB-8458-EFE2BB8F6B90}.Debug|Any CPU.ActiveCfg = Debug|Any CPU
		{8DD5F57B-ACCF-4AFB-8458-EFE2BB8F6B90}.Debug|Any CPU.Build.0 = Debug|Any CPU
		{8DD5F57B-ACCF-4AFB-8458-EFE2BB8F6B90}.Release|Any CPU.ActiveCfg = Release|Any CPU
		{8DD5F57B-ACCF-4AFB-8458-EFE2BB8F6B90}.Release|Any CPU.Build.0 = Release|Any CPU
		{9C746B4D-BF64-4F53-99C3-7B68246F6F99}.Debug|Any CPU.ActiveCfg = Debug|Any CPU
		{9C746B4D-BF64-4F53-99C3-7B68246F6F99}.Debug|Any CPU.Build.0 = Debug|Any CPU
		{9C746B4D-BF64-4F53-99C3-7B68246F6F99}.Release|Any CPU.ActiveCfg = Release|Any CPU
		{9C746B4D-BF64-4F53-99C3-7B68246F6F99}.Release|Any CPU.Build.0 = Release|Any CPU
		{19DBCD5A-4B9A-4E8B-AD9F-509A9ED45313}.Debug|Any CPU.ActiveCfg = Debug|Any CPU
		{19DBCD5A-4B9A-4E8B-AD9F-509A9ED45313}.Debug|Any CPU.Build.0 = Debug|Any CPU
		{19DBCD5A-4B9A-4E8B-AD9F-509A9ED45313}.Release|Any CPU.ActiveCfg = Release|Any CPU
		{19DBCD5A-4B9A-4E8B-AD9F-509A9ED45313}.Release|Any CPU.Build.0 = Release|Any CPU
		{CE9F7213-A11F-4ECC-B5A7-C30D3FB82D82}.Debug|Any CPU.ActiveCfg = Debug|Any CPU
		{CE9F7213-A11F-4ECC-B5A7-C30D3FB82D82}.Debug|Any CPU.Build.0 = Debug|Any CPU
		{CE9F7213-A11F-4ECC-B5A7-C30D3FB82D82}.Release|Any CPU.ActiveCfg = Release|Any CPU
		{CE9F7213-A11F-4ECC-B5A7-C30D3FB82D82}.Release|Any CPU.Build.0 = Release|Any CPU
		{321B8A35-037B-4A9D-BB8D-3613301EABC8}.Debug|Any CPU.ActiveCfg = Debug|Any CPU
		{321B8A35-037B-4A9D-BB8D-3613301EABC8}.Debug|Any CPU.Build.0 = Debug|Any CPU
		{321B8A35-037B-4A9D-BB8D-3613301EABC8}.Release|Any CPU.ActiveCfg = Release|Any CPU
		{321B8A35-037B-4A9D-BB8D-3613301EABC8}.Release|Any CPU.Build.0 = Release|Any CPU
	EndGlobalSection
	GlobalSection(NestedProjects) = preSolution
		{9C746B4D-BF64-4F53-99C3-7B68246F6F99} = {C2919385-0C94-47ED-9324-24EA7501A336}
		{CE9F7213-A11F-4ECC-B5A7-C30D3FB82D82} = {C2919385-0C94-47ED-9324-24EA7501A336}
		{321B8A35-037B-4A9D-BB8D-3613301EABC8} = {C2919385-0C94-47ED-9324-24EA7501A336}
	EndGlobalSection
EndGlobal
